
Microsoft Visual Studio Solution File, Format Version 12.00
# Visual Studio Version 17
VisualStudioVersion = 17.5.33530.505
MinimumVisualStudioVersion = 10.0.40219.1
Project("{FAE04EC0-301F-11D3-BF4B-00C04F79EFBC}") = "21660110053NecatiKumdereli", "21660110053NecatiKumdereli.csproj", "{7F744A70-4875-40FD-9B95-9C1853C26E31}"
EndProject
Global
	GlobalSection(SolutionConfigurationPlatforms) = preSolution
		Debug|Any CPU = Debug|Any CPU
		Release|Any CPU = Release|Any CPU
	EndGlobalSection
	GlobalSection(ProjectConfigurationPlatforms) = postSolution
		{7F744A70-4875-40FD-9B95-9C1853C26E31}.Debug|Any CPU.ActiveCfg = Debug|Any CPU
		{7F744A70-4875-40FD-9B95-9C1853C26E31}.Debug|Any CPU.Build.0 = Debug|Any CPU
		{7F744A70-4875-40FD-9B95-9C1853C26E31}.Release|Any CPU.ActiveCfg = Release|Any CPU
		{7F744A70-4875-40FD-9B95-9C1853C26E31}.Release|Any CPU.Build.0 = Release|Any CPU
	EndGlobalSection
	GlobalSection(SolutionProperties) = preSolution
		HideSolutionNode = FALSE
	EndGlobalSection
	GlobalSection(ExtensibilityGlobals) = postSolution
		SolutionGuid = {47DF0E69-74FD-4D90-933E-1FD77708FF09}
	EndGlobalSection
EndGlobal
